
Microsoft Visual Studio Solution File, Format Version 12.00
# Visual Studio 2012
Project("{FAE04EC0-301F-11D3-BF4B-00C04F79EFBC}") = "crossair", "crossair\crossair.csproj", "{92BC2A7F-359E-43FB-B9E8-8788DEECEB10}"
EndProject
Global
	GlobalSection(SolutionConfigurationPlatforms) = preSolution
		Debug|Any CPU = Debug|Any CPU
		Release|Any CPU = Release|Any CPU
	EndGlobalSection
	GlobalSection(ProjectConfigurationPlatforms) = postSolution
		{92BC2A7F-359E-43FB-B9E8-8788DEECEB10}.Debug|Any CPU.ActiveCfg = Debug|Any CPU
		{92BC2A7F-359E-43FB-B9E8-8788DEECEB10}.Debug|Any CPU.Build.0 = Debug|Any CPU
		{92BC2A7F-359E-43FB-B9E8-8788DEECEB10}.Release|Any CPU.ActiveCfg = Release|Any CPU
		{92BC2A7F-359E-43FB-B9E8-8788DEECEB10}.Release|Any CPU.Build.0 = Release|Any CPU
	EndGlobalSection
	GlobalSection(SolutionProperties) = preSolution
		HideSolutionNode = FALSE
	EndGlobalSection
EndGlobal
